
Microsoft Visual Studio Solution File, Format Version 12.00
# Visual Studio Version 17
VisualStudioVersion = 17.4.33213.308
MinimumVisualStudioVersion = 10.0.40219.1
Project("{FAE04EC0-301F-11D3-BF4B-00C04F79EFBC}") = "vrorayashertva", "vrorayashertva.csproj", "{238DF5D7-0901-489E-BFF7-7579EB574E44}"
EndProject
Global
	GlobalSection(SolutionConfigurationPlatforms) = preSolution
		Debug|Any CPU = Debug|Any CPU
		Release|Any CPU = Release|Any CPU
	EndGlobalSection
	GlobalSection(ProjectConfigurationPlatforms) = postSolution
		{238DF5D7-0901-489E-BFF7-7579EB574E44}.Debug|Any CPU.ActiveCfg = Debug|Any CPU
		{238DF5D7-0901-489E-BFF7-7579EB574E44}.Debug|Any CPU.Build.0 = Debug|Any CPU
		{238DF5D7-0901-489E-BFF7-7579EB574E44}.Release|Any CPU.ActiveCfg = Release|Any CPU
		{238DF5D7-0901-489E-BFF7-7579EB574E44}.Release|Any CPU.Build.0 = Release|Any CPU
	EndGlobalSection
	GlobalSection(SolutionProperties) = preSolution
		HideSolutionNode = FALSE
	EndGlobalSection
	GlobalSection(ExtensibilityGlobals) = postSolution
		SolutionGuid = {99B9A8C6-9717-4474-BDEE-0348DB321E4C}
	EndGlobalSection
EndGlobal
